
Microsoft Visual Studio Solution File, Format Version 12.00
# Visual Studio Version 17
VisualStudioVersion = 17.9.34622.214
MinimumVisualStudioVersion = 10.0.40219.1
Project("{8BC9CEB8-8B4A-11D0-8D11-00A0C91BC942}") = "socket", "socket\socket.vcxproj", "{5D6F0885-7A80-489B-BC18-AAF889EC7A91}"
EndProject
Project("{8BC9CEB8-8B4A-11D0-8D11-00A0C91BC942}") = "socket02", "socket02\socket02.vcxproj", "{0C1FDD53-4D73-4581-A9CF-FAA199E0B576}"
EndProject
Project("{8BC9CEB8-8B4A-11D0-8D11-00A0C91BC942}") = "socket03_ip", "socket03_ip\socket03_ip.vcxproj", "{DBFE90E4-8AB3-43B8-A8BE-A6D715563F35}"
EndProject
Project("{8BC9CEB8-8B4A-11D0-8D11-00A0C91BC942}") = "socket02_client", "socket02_client\socket02_client.vcxproj", "{E7F53879-9AF9-42E1-9ACC-B2C0CC462C94}"
EndProject
Global
	GlobalSection(SolutionConfigurationPlatforms) = preSolution
		Debug|x64 = Debug|x64
		Debug|x86 = Debug|x86
		Release|x64 = Release|x64
		Release|x86 = Release|x86
	EndGlobalSection
	GlobalSection(ProjectConfigurationPlatforms) = postSolution
		{5D6F0885-7A80-489B-BC18-AAF889EC7A91}.Debug|x64.ActiveCfg = Debug|x64
		{5D6F0885-7A80-489B-BC18-AAF889EC7A91}.Debug|x64.Build.0 = Debug|x64
		{5D6F0885-7A80-489B-BC18-AAF889EC7A91}.Debug|x86.ActiveCfg = Debug|Win32
		{5D6F0885-7A80-489B-BC18-AAF889EC7A91}.Debug|x86.Build.0 = Debug|Win32
		{5D6F0885-7A80-489B-BC18-AAF889EC7A91}.Release|x64.ActiveCfg = Release|x64
		{5D6F0885-7A80-489B-BC18-AAF889EC7A91}.Release|x64.Build.0 = Release|x64
		{5D6F0885-7A80-489B-BC18-AAF889EC7A91}.Release|x86.ActiveCfg = Release|Win32
		{5D6F0885-7A80-489B-BC18-AAF889EC7A91}.Release|x86.Build.0 = Release|Win32
		{0C1FDD53-4D73-4581-A9CF-FAA199E0B576}.Debug|x64.ActiveCfg = Debug|x64
		{0C1FDD53-4D73-4581-A9CF-FAA199E0B576}.Debug|x64.Build.0 = Debug|x64
		{0C1FDD53-4D73-4581-A9CF-FAA199E0B576}.Debug|x86.ActiveCfg = Debug|Win32
		{0C1FDD53-4D73-4581-A9CF-FAA199E0B576}.Debug|x86.Build.0 = Debug|Win32
		{0C1FDD53-4D73-4581-A9CF-FAA199E0B576}.Release|x64.ActiveCfg = Release|x64
		{0C1FDD53-4D73-4581-A9CF-FAA199E0B576}.Release|x64.Build.0 = Release|x64
		{0C1FDD53-4D73-4581-A9CF-FAA199E0B576}.Release|x86.ActiveCfg = Release|Win32
		{0C1FDD53-4D73-4581-A9CF-FAA199E0B576}.Release|x86.Build.0 = Release|Win32
		{DBFE90E4-8AB3-43B8-A8BE-A6D715563F35}.Debug|x64.ActiveCfg = Debug|x64
		{DBFE90E4-8AB3-43B8-A8BE-A6D715563F35}.Debug|x64.Build.0 = Debug|x64
		{DBFE90E4-8AB3-43B8-A8BE-A6D715563F35}.Debug|x86.ActiveCfg = Debug|Win32
		{DBFE90E4-8AB3-43B8-A8BE-A6D715563F35}.Debug|x86.Build.0 = Debug|Win32
		{DBFE90E4-8AB3-43B8-A8BE-A6D715563F35}.Release|x64.ActiveCfg = Release|x64
		{DBFE90E4-8AB3-43B8-A8BE-A6D715563F35}.Release|x64.Build.0 = Release|x64
		{DBFE90E4-8AB3-43B8-A8BE-A6D715563F35}.Release|x86.ActiveCfg = Release|Win32
		{DBFE90E4-8AB3-43B8-A8BE-A6D715563F35}.Release|x86.Build.0 = Release|Win32
		{E7F53879-9AF9-42E1-9ACC-B2C0CC462C94}.Debug|x64.ActiveCfg = Debug|x64
		{E7F53879-9AF9-42E1-9ACC-B2C0CC462C94}.Debug|x64.Build.0 = Debug|x64
		{E7F53879-9AF9-42E1-9ACC-B2C0CC462C94}.Debug|x86.ActiveCfg = Debug|Win32
		{E7F53879-9AF9-42E1-9ACC-B2C0CC462C94}.Debug|x86.Build.0 = Debug|Win32
		{E7F53879-9AF9-42E1-9ACC-B2C0CC462C94}.Release|x64.ActiveCfg = Release|x64
		{E7F53879-9AF9-42E1-9ACC-B2C0CC462C94}.Release|x64.Build.0 = Release|x64
		{E7F53879-9AF9-42E1-9ACC-B2C0CC462C94}.Release|x86.ActiveCfg = Release|Win32
		{E7F53879-9AF9-42E1-9ACC-B2C0CC462C94}.Release|x86.Build.0 = Release|Win32
	EndGlobalSection
	GlobalSection(SolutionProperties) = preSolution
		HideSolutionNode = FALSE
	EndGlobalSection
	GlobalSection(ExtensibilityGlobals) = postSolution
		SolutionGuid = {A82A1BC8-9742-4117-BB83-522077288B1B}
	EndGlobalSection
EndGlobal
